
Microsoft Visual Studio Solution File, Format Version 12.00
# Visual Studio Version 17
VisualStudioVersion = 17.14.36705.20 d17.14
MinimumVisualStudioVersion = 10.0.40219.1
Project("{FAE04EC0-301F-11D3-BF4B-00C04F79EFBC}") = "Arrays(more)", "Arrays(more)\Arrays(more).csproj", "{FA754374-73D3-48EC-A8A9-36892D95FCF9}"
EndProject
Global
	GlobalSection(SolutionConfigurationPlatforms) = preSolution
		Debug|Any CPU = Debug|Any CPU
		Release|Any CPU = Release|Any CPU
	EndGlobalSection
	GlobalSection(ProjectConfigurationPlatforms) = postSolution
		{FA754374-73D3-48EC-A8A9-36892D95FCF9}.Debug|Any CPU.ActiveCfg = Debug|Any CPU
		{FA754374-73D3-48EC-A8A9-36892D95FCF9}.Debug|Any CPU.Build.0 = Debug|Any CPU
		{FA754374-73D3-48EC-A8A9-36892D95FCF9}.Release|Any CPU.ActiveCfg = Release|Any CPU
		{FA754374-73D3-48EC-A8A9-36892D95FCF9}.Release|Any CPU.Build.0 = Release|Any CPU
	EndGlobalSection
	GlobalSection(SolutionProperties) = preSolution
		HideSolutionNode = FALSE
	EndGlobalSection
	GlobalSection(ExtensibilityGlobals) = postSolution
		SolutionGuid = {0213D8F4-BA78-49A0-BEDC-263BE825000E}
	EndGlobalSection
EndGlobal
